lockfileVersion: '9.0'

settings:
  autoInstallPeers: true
  excludeLinksFromLockfile: false

importers:

  .:
    dependencies:
      heroicons:
        specifier: ^2.2.0
        version: 2.2.0

packages:

  heroicons@2.2.0:
    resolution: {integrity: sha512-yOwvztmNiBWqR946t+JdgZmyzEmnRMC2nxvHFC90bF1SUttwB6yJKYeme1JeEcBfobdOs827nCyiWBS2z/brog==}

snapshots:

  heroicons@2.2.0: {}
